
Microsoft Visual Studio Solution File, Format Version 12.00
# Visual Studio Version 17
VisualStudioVersion = 17.1.32319.34
MinimumVisualStudioVersion = 10.0.40219.1
Project("{FAE04EC0-301F-11D3-BF4B-00C04F79EFBC}") = "FinalTracker", "FinalTracker\FinalTracker.csproj", "{95E62B21-986D-4296-ADF6-6BF3C08B4473}"
EndProject
Project("{FAE04EC0-301F-11D3-BF4B-00C04F79EFBC}") = "Data", "Data\Data.csproj", "{BDED82F9-8FCF-4141-A032-C0B7BCF7F0C3}"
EndProject
Project("{FAE04EC0-301F-11D3-BF4B-00C04F79EFBC}") = "RTLSDRADSB", "RTLSDRADSB\RTLSDRADSB.csproj", "{A58D663F-E356-433B-B96B-D43136C17625}"
EndProject
Global
	GlobalSection(SolutionConfigurationPlatforms) = preSolution
		Debug|Any CPU = Debug|Any CPU
		Release|Any CPU = Release|Any CPU
	EndGlobalSection
	GlobalSection(ProjectConfigurationPlatforms) = postSolution
		{95E62B21-986D-4296-ADF6-6BF3C08B4473}.Debug|Any CPU.ActiveCfg = Debug|Any CPU
		{95E62B21-986D-4296-ADF6-6BF3C08B4473}.Debug|Any CPU.Build.0 = Debug|Any CPU
		{95E62B21-986D-4296-ADF6-6BF3C08B4473}.Release|Any CPU.ActiveCfg = Release|Any CPU
		{95E62B21-986D-4296-ADF6-6BF3C08B4473}.Release|Any CPU.Build.0 = Release|Any CPU
		{BDED82F9-8FCF-4141-A032-C0B7BCF7F0C3}.Debug|Any CPU.ActiveCfg = Debug|Any CPU
		{BDED82F9-8FCF-4141-A032-C0B7BCF7F0C3}.Debug|Any CPU.Build.0 = Debug|Any CPU
		{BDED82F9-8FCF-4141-A032-C0B7BCF7F0C3}.Release|Any CPU.ActiveCfg = Release|Any CPU
		{BDED82F9-8FCF-4141-A032-C0B7BCF7F0C3}.Release|Any CPU.Build.0 = Release|Any CPU
		{A58D663F-E356-433B-B96B-D43136C17625}.Debug|Any CPU.ActiveCfg = Debug|Any CPU
		{A58D663F-E356-433B-B96B-D43136C17625}.Debug|Any CPU.Build.0 = Debug|Any CPU
		{A58D663F-E356-433B-B96B-D43136C17625}.Release|Any CPU.ActiveCfg = Release|Any CPU
		{A58D663F-E356-433B-B96B-D43136C17625}.Release|Any CPU.Build.0 = Release|Any CPU
	EndGlobalSection
	GlobalSection(SolutionProperties) = preSolution
		HideSolutionNode = FALSE
	EndGlobalSection
	GlobalSection(ExtensibilityGlobals) = postSolution
		SolutionGuid = {A20B192C-5AD9-4A94-A8F5-77323A2AAFAC}
	EndGlobalSection
EndGlobal
